
Microsoft Visual Studio Solution File, Format Version 12.00
# Visual Studio 2012
Project("{FAE04EC0-301F-11D3-BF4B-00C04F79EFBC}") = "ms2-translate-gui", "ms2-translate-gui\ms2-translate-gui.csproj", "{161E6B46-14AE-44A6-9524-07404B63240D}"
EndProject
Global
	GlobalSection(SolutionConfigurationPlatforms) = preSolution
		Debug|Any CPU = Debug|Any CPU
		Release|Any CPU = Release|Any CPU
	EndGlobalSection
	GlobalSection(ProjectConfigurationPlatforms) = postSolution
		{161E6B46-14AE-44A6-9524-07404B63240D}.Debug|Any CPU.ActiveCfg = Debug|Any CPU
		{161E6B46-14AE-44A6-9524-07404B63240D}.Debug|Any CPU.Build.0 = Debug|Any CPU
		{161E6B46-14AE-44A6-9524-07404B63240D}.Release|Any CPU.ActiveCfg = Release|Any CPU
		{161E6B46-14AE-44A6-9524-07404B63240D}.Release|Any CPU.Build.0 = Release|Any CPU
	EndGlobalSection
	GlobalSection(SolutionProperties) = preSolution
		HideSolutionNode = FALSE
	EndGlobalSection
EndGlobal
